// !$*UTF8*$!
{
	archiveVersion = 1;
	classes = {
	};
	objectVersion = 46;
	objects = {

/* Begin PBXBuildFile section */
		504F62791E87058100155FD7 /* Schedule+CoreDataClass.swift in Sources */ = {isa = PBXBuildFile; fileRef = 504F626B1E87058100155FD7 /* Schedule+CoreDataClass.swift */; };
		504F627A1E87058100155FD7 /* Schedule+CoreDataProperties.swift in Sources */ = {isa = PBXBuildFile; fileRef = 504F626C1E87058100155FD7 /* Schedule+CoreDataProperties.swift */; };
		504F627B1E87058100155FD7 /* ShowHost+CoreDataClass.swift in Sources */ = {isa = PBXBuildFile; fileRef = 504F626D1E87058100155FD7 /* ShowHost+CoreDataClass.swift */; };
		504F627C1E87058100155FD7 /* ShowHost+CoreDataProperties.swift in Sources */ = {isa = PBXBuildFile; fileRef = 504F626E1E87058100155FD7 /* ShowHost+CoreDataProperties.swift */; };
		504F627D1E87058100155FD7 /* Host+CoreDataClass.swift in Sources */ = {isa = PBXBuildFile; fileRef = 504F626F1E87058100155FD7 /* Host+CoreDataClass.swift */; };
		504F627E1E87058100155FD7 /* Host+CoreDataProperties.swift in Sources */ = {isa = PBXBuildFile; fileRef = 504F62701E87058100155FD7 /* Host+CoreDataProperties.swift */; };
		504F627F1E87058100155FD7 /* Radio+CoreDataClass.swift in Sources */ = {isa = PBXBuildFile; fileRef = 504F62711E87058100155FD7 /* Radio+CoreDataClass.swift */; };
		504F62801E87058100155FD7 /* Radio+CoreDataProperties.swift in Sources */ = {isa = PBXBuildFile; fileRef = 504F62721E87058100155FD7 /* Radio+CoreDataProperties.swift */; };
		504F62811E87058100155FD7 /* FavShow+CoreDataClass.swift in Sources */ = {isa = PBXBuildFile; fileRef = 504F62731E87058100155FD7 /* FavShow+CoreDataClass.swift */; };
		504F62821E87058100155FD7 /* FavShow+CoreDataProperties.swift in Sources */ = {isa = PBXBuildFile; fileRef = 504F62741E87058100155FD7 /* FavShow+CoreDataProperties.swift */; };
		504F62831E87058100155FD7 /* Show+CoreDataClass.swift in Sources */ = {isa = PBXBuildFile; fileRef = 504F62751E87058100155FD7 /* Show+CoreDataClass.swift */; };
		504F62841E87058100155FD7 /* Show+CoreDataProperties.swift in Sources */ = {isa = PBXBuildFile; fileRef = 504F62761E87058100155FD7 /* Show+CoreDataProperties.swift */; };
		504F62851E87058100155FD7 /* User+CoreDataClass.swift in Sources */ = {isa = PBXBuildFile; fileRef = 504F62771E87058100155FD7 /* User+CoreDataClass.swift */; };
		504F62861E87058100155FD7 /* User+CoreDataProperties.swift in Sources */ = {isa = PBXBuildFile; fileRef = 504F62781E87058100155FD7 /* User+CoreDataProperties.swift */; };
		507FFE481E842B6A00D7E510 /* AppDelegate.swift in Sources */ = {isa = PBXBuildFile; fileRef = 507FFE471E842B6A00D7E510 /* AppDelegate.swift */; };
		507FFE4A1E842B6A00D7E510 /* ViewController.swift in Sources */ = {isa = PBXBuildFile; fileRef = 507FFE491E842B6A00D7E510 /* ViewController.swift */; };
		507FFE4D1E842B6A00D7E510 /* Main.storyboard in Resources */ = {isa = PBXBuildFile; fileRef = 507FFE4B1E842B6A00D7E510 /* Main.storyboard */; };
		507FFE501E842B6A00D7E510 /* RadioX.xcdatamodeld in Sources */ = {isa = PBXBuildFile; fileRef = 507FFE4E1E842B6A00D7E510 /* RadioX.xcdatamodeld */; };
		507FFE521E842B6A00D7E510 /* Assets.xcassets in Resources */ = {isa = PBXBuildFile; fileRef = 507FFE511E842B6A00D7E510 /* Assets.xcassets */; };
		507FFE551E842B6A00D7E510 /* LaunchScreen.storyboard in Resources */ = {isa = PBXBuildFile; fileRef = 507FFE531E842B6A00D7E510 /* LaunchScreen.storyboard */; };
		507FFE601E842B6A00D7E510 /* RadioXTests.swift in Sources */ = {isa = PBXBuildFile; fileRef = 507FFE5F1E842B6A00D7E510 /* RadioXTests.swift */; };
		507FFE6B1E842B6A00D7E510 /* RadioXUITests.swift in Sources */ = {isa = PBXBuildFile; fileRef = 507FFE6A1E842B6A00D7E510 /* RadioXUITests.swift */; };
		507FFE7B1E843C7F00D7E510 /* StreamingViewController.swift in Sources */ = {isa = PBXBuildFile; fileRef = 507FFE7A1E843C7F00D7E510 /* StreamingViewController.swift */; };
/* End PBXBuildFile section */

/* Begin PBXContainerItemProxy section */
		507FFE5C1E842B6A00D7E510 /* PBXContainerItemProxy */ = {
			isa = PBXContainerItemProxy;
			containerPortal = 507FFE3C1E842B6900D7E510 /* Project object */;
			proxyType = 1;
			remoteGlobalIDString = 507FFE431E842B6900D7E510;
			remoteInfo = RadioX;
		};
		507FFE671E842B6A00D7E510 /* PBXContainerItemProxy */ = {
			isa = PBXContainerItemProxy;
			containerPortal = 507FFE3C1E842B6900D7E510 /* Project object */;
			proxyType = 1;
			remoteGlobalIDString = 507FFE431E842B6900D7E510;
			remoteInfo = RadioX;
		};
/* End PBXContainerItemProxy section */

/* Begin PBXFileReference section */
		504F626B1E87058100155FD7 /* Schedule+CoreDataClass.swift */ = {isa = PBXFileReference; fileEncoding = 4; lastKnownFileType = sourcecode.swift; name = "Schedule+CoreDataClass.swift"; path = "../Schedule+CoreDataClass.swift"; sourceTree = "<group>"; };
		504F626C1E87058100155FD7 /* Schedule+CoreDataProperties.swift */ = {isa = PBXFileReference; fileEncoding = 4; lastKnownFileType = sourcecode.swift; name = "Schedule+CoreDataProperties.swift"; path = "../Schedule+CoreDataProperties.swift"; sourceTree = "<group>"; };
		504F626D1E87058100155FD7 /* ShowHost+CoreDataClass.swift */ = {isa = PBXFileReference; fileEncoding = 4; lastKnownFileType = sourcecode.swift; name = "ShowHost+CoreDataClass.swift"; path = "../ShowHost+CoreDataClass.swift"; sourceTree = "<group>"; };
		504F626E1E87058100155FD7 /* ShowHost+CoreDataProperties.swift */ = {isa = PBXFileReference; fileEncoding = 4; lastKnownFileType = sourcecode.swift; name = "ShowHost+CoreDataProperties.swift"; path = "../ShowHost+CoreDataProperties.swift"; sourceTree = "<group>"; };
		504F626F1E87058100155FD7 /* Host+CoreDataClass.swift */ = {isa = PBXFileReference; fileEncoding = 4; lastKnownFileType = sourcecode.swift; name = "Host+CoreDataClass.swift"; path = "../Host+CoreDataClass.swift"; sourceTree = "<group>"; };
		504F62701E87058100155FD7 /* Host+CoreDataProperties.swift */ = {isa = PBXFileReference; fileEncoding = 4; lastKnownFileType = sourcecode.swift; name = "Host+CoreDataProperties.swift"; path = "../Host+CoreDataProperties.swift"; sourceTree = "<group>"; };
		504F62711E87058100155FD7 /* Radio+CoreDataClass.swift */ = {isa = PBXFileReference; fileEncoding = 4; lastKnownFileType = sourcecode.swift; name = "Radio+CoreDataClass.swift"; path = "../Radio+CoreDataClass.swift"; sourceTree = "<group>"; };
		504F62721E87058100155FD7 /* Radio+CoreDataProperties.swift */ = {isa = PBXFileReference; fileEncoding = 4; lastKnownFileType = sourcecode.swift; name = "Radio+CoreDataProperties.swift"; path = "../Radio+CoreDataProperties.swift"; sourceTree = "<group>"; };
		504F62731E87058100155FD7 /* FavShow+CoreDataClass.swift */ = {isa = PBXFileReference; fileEncoding = 4; lastKnownFileType = sourcecode.swift; name = "FavShow+CoreDataClass.swift"; path = "../FavShow+CoreDataClass.swift"; sourceTree = "<group>"; };
		504F62741E87058100155FD7 /* FavShow+CoreDataProperties.swift */ = {isa = PBXFileReference; fileEncoding = 4; lastKnownFileType = sourcecode.swift; name = "FavShow+CoreDataProperties.swift"; path = "../FavShow+CoreDataProperties.swift"; sourceTree = "<group>"; };
		504F62751E87058100155FD7 /* Show+CoreDataClass.swift */ = {isa = PBXFileReference; fileEncoding = 4; lastKnownFileType = sourcecode.swift; name = "Show+CoreDataClass.swift"; path = "../Show+CoreDataClass.swift"; sourceTree = "<group>"; };
		504F62761E87058100155FD7 /* Show+CoreDataProperties.swift */ = {isa = PBXFileReference; fileEncoding = 4; lastKnownFileType = sourcecode.swift; name = "Show+CoreDataProperties.swift"; path = "../Show+CoreDataProperties.swift"; sourceTree = "<group>"; };
		504F62771E87058100155FD7 /* User+CoreDataClass.swift */ = {isa = PBXFileReference; fileEncoding = 4; lastKnownFileType = sourcecode.swift; name = "User+CoreDataClass.swift"; path = "../User+CoreDataClass.swift"; sourceTree = "<group>"; };
		504F62781E87058100155FD7 /* User+CoreDataProperties.swift */ = {isa = PBXFileReference; fileEncoding = 4; lastKnownFileType = sourcecode.swift; name = "User+CoreDataProperties.swift"; path = "../User+CoreDataProperties.swift"; sourceTree = "<group>"; };
		507FFE441E842B6A00D7E510 /* RadioX.app */ = {isa = PBXFileReference; explicitFileType = wrapper.application; includeInIndex = 0; path = RadioX.app; sourceTree = BUILT_PRODUCTS_DIR; };
		507FFE471E842B6A00D7E510 /* AppDelegate.swift */ = {isa = PBXFileReference; lastKnownFileType = sourcecode.swift; path = AppDelegate.swift; sourceTree = "<group>"; };
		507FFE491E842B6A00D7E510 /* ViewController.swift */ = {isa = PBXFileReference; lastKnownFileType = sourcecode.swift; path = ViewController.swift; sourceTree = "<group>"; };
		507FFE4C1E842B6A00D7E510 /* Base */ = {isa = PBXFileReference; lastKnownFileType = file.storyboard; name = Base; path = Base.lproj/Main.storyboard; sourceTree = "<group>"; };
		507FFE4F1E842B6A00D7E510 /* RadioX.xcdatamodel */ = {isa = PBXFileReference; lastKnownFileType = wrapper.xcdatamodel; path = RadioX.xcdatamodel; sourceTree = "<group>"; };
		507FFE511E842B6A00D7E510 /* Assets.xcassets */ = {isa = PBXFileReference; lastKnownFileType = folder.assetcatalog; path = Assets.xcassets; sourceTree = "<group>"; };
		507FFE541E842B6A00D7E510 /* Base */ = {isa = PBXFileReference; lastKnownFileType = file.storyboard; name = Base; path = Base.lproj/LaunchScreen.storyboard; sourceTree = "<group>"; };
		507FFE561E842B6A00D7E510 /* Info.plist */ = {isa = PBXFileReference; lastKnownFileType = text.plist.xml; path = Info.plist; sourceTree = "<group>"; };
		507FFE5B1E842B6A00D7E510 /* RadioXTests.xctest */ = {isa = PBXFileReference; explicitFileType = wrapper.cfbundle; includeInIndex = 0; path = RadioXTests.xctest; sourceTree = BUILT_PRODUCTS_DIR; };
		507FFE5F1E842B6A00D7E510 /* RadioXTests.swift */ = {isa = PBXFileReference; lastKnownFileType = sourcecode.swift; path = RadioXTests.swift; sourceTree = "<group>"; };
		507FFE611E842B6A00D7E510 /* Info.plist */ = {isa = PBXFileReference; lastKnownFileType = text.plist.xml; path = Info.plist; sourceTree = "<group>"; };
		507FFE661E842B6A00D7E510 /* RadioXUITests.xctest */ = {isa = PBXFileReference; explicitFileType = wrapper.cfbundle; includeInIndex = 0; path = RadioXUITests.xctest; sourceTree = BUILT_PRODUCTS_DIR; };
		507FFE6A1E842B6A00D7E510 /* RadioXUITests.swift */ = {isa = PBXFileReference; lastKnownFileType = sourcecode.swift; path = RadioXUITests.swift; sourceTree = "<group>"; };
		507FFE6C1E842B6A00D7E510 /* Info.plist */ = {isa = PBXFileReference; lastKnownFileType = text.plist.xml; path = Info.plist; sourceTree = "<group>"; };
		507FFE7A1E843C7F00D7E510 /* StreamingViewController.swift */ = {isa = PBXFileReference; fileEncoding = 4; lastKnownFileType = sourcecode.swift; path = StreamingViewController.swift; sourceTree = "<group>"; };
/* End PBXFileReference section */

/* Begin PBXFrameworksBuildPhase section */
		507FFE411E842B6900D7E510 /* Frameworks */ = {
			isa = PBXFrameworksBuildPhase;
			buildActionMask = 2147483647;
			files = (
			);
			runOnlyForDeploymentPostprocessing = 0;
		};
		507FFE581E842B6A00D7E510 /* Frameworks */ = {
			isa = PBXFrameworksBuildPhase;
			buildActionMask = 2147483647;
			files = (
			);
			runOnlyForDeploymentPostprocessing = 0;
		};
		507FFE631E842B6A00D7E510 /* Frameworks */ = {
			isa = PBXFrameworksBuildPhase;
			buildActionMask = 2147483647;
			files = (
			);
			runOnlyForDeploymentPostprocessing = 0;
		};
/* End PBXFrameworksBuildPhase section */

/* Begin PBXGroup section */
		504F62871E87059300155FD7 /* Models */ = {
			isa = PBXGroup;
			children = (
				504F626B1E87058100155FD7 /* Schedule+CoreDataClass.swift */,
				504F626C1E87058100155FD7 /* Schedule+CoreDataProperties.swift */,
				504F626D1E87058100155FD7 /* ShowHost+CoreDataClass.swift */,
				504F626E1E87058100155FD7 /* ShowHost+CoreDataProperties.swift */,
				504F626F1E87058100155FD7 /* Host+CoreDataClass.swift */,
				504F62701E87058100155FD7 /* Host+CoreDataProperties.swift */,
				504F62711E87058100155FD7 /* Radio+CoreDataClass.swift */,
				504F62721E87058100155FD7 /* Radio+CoreDataProperties.swift */,
				504F62731E87058100155FD7 /* FavShow+CoreDataClass.swift */,
				504F62741E87058100155FD7 /* FavShow+CoreDataProperties.swift */,
				504F62751E87058100155FD7 /* Show+CoreDataClass.swift */,
				504F62761E87058100155FD7 /* Show+CoreDataProperties.swift */,
				504F62771E87058100155FD7 /* User+CoreDataClass.swift */,
				504F62781E87058100155FD7 /* User+CoreDataProperties.swift */,
			);
			name = Models;
			sourceTree = "<group>";
		};
		507FFE3B1E842B6900D7E510 = {
			isa = PBXGroup;
			children = (
				507FFE461E842B6A00D7E510 /* RadioX */,
				507FFE791E84313000D7E510 /* SupportingFiles */,
				507FFE5E1E842B6A00D7E510 /* RadioXTests */,
				507FFE691E842B6A00D7E510 /* RadioXUITests */,
				507FFE451E842B6A00D7E510 /* Products */,
			);
			sourceTree = "<group>";
		};
		507FFE451E842B6A00D7E510 /* Products */ = {
			isa = PBXGroup;
			children = (
				507FFE441E842B6A00D7E510 /* RadioX.app */,
				507FFE5B1E842B6A00D7E510 /* RadioXTests.xctest */,
				507FFE661E842B6A00D7E510 /* RadioXUITests.xctest */,
			);
			name = Products;
			sourceTree = "<group>";
		};
		507FFE461E842B6A00D7E510 /* RadioX */ = {
			isa = PBXGroup;
			children = (
				504F62871E87059300155FD7 /* Models */,
				507FFE491E842B6A00D7E510 /* ViewController.swift */,
				507FFE4B1E842B6A00D7E510 /* Main.storyboard */,
				507FFE7A1E843C7F00D7E510 /* StreamingViewController.swift */,
			);
			path = RadioX;
			sourceTree = "<group>";
		};
		507FFE5E1E842B6A00D7E510 /* RadioXTests */ = {
			isa = PBXGroup;
			children = (
				507FFE5F1E842B6A00D7E510 /* RadioXTests.swift */,
				507FFE611E842B6A00D7E510 /* Info.plist */,
			);
			path = RadioXTests;
			sourceTree = "<group>";
		};
		507FFE691E842B6A00D7E510 /* RadioXUITests */ = {
			isa = PBXGroup;
			children = (
				507FFE6A1E842B6A00D7E510 /* RadioXUITests.swift */,
				507FFE6C1E842B6A00D7E510 /* Info.plist */,
			);
			path = RadioXUITests;
			sourceTree = "<group>";
		};
		507FFE791E84313000D7E510 /* SupportingFiles */ = {
			isa = PBXGroup;
			children = (
				507FFE471E842B6A00D7E510 /* AppDelegate.swift */,
				507FFE511E842B6A00D7E510 /* Assets.xcassets */,
				507FFE531E842B6A00D7E510 /* LaunchScreen.storyboard */,
				507FFE561E842B6A00D7E510 /* Info.plist */,
				507FFE4E1E842B6A00D7E510 /* RadioX.xcdatamodeld */,
			);
			name = SupportingFiles;
			path = RadioX;
			sourceTree = "<group>";
		};
/* End PBXGroup section */

/* Begin PBXNativeTarget section */
		507FFE431E842B6900D7E510 /* RadioX */ = {
			isa = PBXNativeTarget;
			buildConfigurationList = 507FFE6F1E842B6A00D7E510 /* Build configuration list for PBXNativeTarget "RadioX" */;
			buildPhases = (
				507FFE401E842B6900D7E510 /* Sources */,
				507FFE411E842B6900D7E510 /* Frameworks */,
				507FFE421E842B6900D7E510 /* Resources */,
			);
			buildRules = (
			);
			dependencies = (
			);
			name = RadioX;
			productName = RadioX;
			productReference = 507FFE441E842B6A00D7E510 /* RadioX.app */;
			productType = "com.apple.product-type.application";
		};
		507FFE5A1E842B6A00D7E510 /* RadioXTests */ = {
			isa = PBXNativeTarget;
			buildConfigurationList = 507FFE721E842B6A00D7E510 /* Build configuration list for PBXNativeTarget "RadioXTests" */;
			buildPhases = (
				507FFE571E842B6A00D7E510 /* Sources */,
				507FFE581E842B6A00D7E510 /* Frameworks */,
				507FFE591E842B6A00D7E510 /* Resources */,
			);
			buildRules = (
			);
			dependencies = (
				507FFE5D1E842B6A00D7E510 /* PBXTargetDependency */,
			);
			name = RadioXTests;
			productName = RadioXTests;
			productReference = 507FFE5B1E842B6A00D7E510 /* RadioXTests.xctest */;
			productType = "com.apple.product-type.bundle.unit-test";
		};
		507FFE651E842B6A00D7E510 /* RadioXUITests */ = {
			isa = PBXNativeTarget;
			buildConfigurationList = 507FFE751E842B6A00D7E510 /* Build configuration list for PBXNativeTarget "RadioXUITests" */;
			buildPhases = (
				507FFE621E842B6A00D7E510 /* Sources */,
				507FFE631E842B6A00D7E510 /* Frameworks */,
				507FFE641E842B6A00D7E510 /* Resources */,
			);
			buildRules = (
			);
			dependencies = (
				507FFE681E842B6A00D7E510 /* PBXTargetDependency */,
			);
			name = RadioXUITests;
			productName = RadioXUITests;
			productReference = 507FFE661E842B6A00D7E510 /* RadioXUITests.xctest */;
			productType = "com.apple.product-type.bundle.ui-testing";
		};
/* End PBXNativeTarget section */

/* Begin PBXProject section */
		507FFE3C1E842B6900D7E510 /* Project object */ = {
			isa = PBXProject;
			attributes = {
				LastSwiftUpdateCheck = 0810;
				LastUpgradeCheck = 0810;
				ORGANIZATIONNAME = gestionadoresDiscretos;
				TargetAttributes = {
					507FFE431E842B6900D7E510 = {
						CreatedOnToolsVersion = 8.1;
						ProvisioningStyle = Automatic;
					};
					507FFE5A1E842B6A00D7E510 = {
						CreatedOnToolsVersion = 8.1;
						ProvisioningStyle = Automatic;
						TestTargetID = 507FFE431E842B6900D7E510;
					};
					507FFE651E842B6A00D7E510 = {
						CreatedOnToolsVersion = 8.1;
						ProvisioningStyle = Automatic;
						TestTargetID = 507FFE431E842B6900D7E510;
					};
				};
			};
			buildConfigurationList = 507FFE3F1E842B6900D7E510 /* Build configuration list for PBXProject "RadioX" */;
			compatibilityVersion = "Xcode 3.2";
			developmentRegion = English;
			hasScannedForEncodings = 0;
			knownRegions = (
				en,
				Base,
			);
			mainGroup = 507FFE3B1E842B6900D7E510;
			productRefGroup = 507FFE451E842B6A00D7E510 /* Products */;
			projectDirPath = "";
			projectRoot = "";
			targets = (
				507FFE431E842B6900D7E510 /* RadioX */,
				507FFE5A1E842B6A00D7E510 /* RadioXTests */,
				507FFE651E842B6A00D7E510 /* RadioXUITests */,
			);
		};
/* End PBXProject section */

/* Begin PBXResourcesBuildPhase section */
		507FFE421E842B6900D7E510 /* Resources */ = {
			isa = PBXResourcesBuildPhase;
			buildActionMask = 2147483647;
			files = (
				507FFE551E842B6A00D7E510 /* LaunchScreen.storyboard in Resources */,
				507FFE521E842B6A00D7E510 /* Assets.xcassets in Resources */,
				507FFE4D1E842B6A00D7E510 /* Main.storyboard in Resources */,
			);
			runOnlyForDeploymentPostprocessing = 0;
		};
		507FFE591E842B6A00D7E510 /* Resources */ = {
			isa = PBXResourcesBuildPhase;
			buildActionMask = 2147483647;
			files = (
			);
			runOnlyForDeploymentPostprocessing = 0;
		};
		507FFE641E842B6A00D7E510 /* Resources */ = {
			isa = PBXResourcesBuildPhase;
			buildActionMask = 2147483647;
			files = (
			);
			runOnlyForDeploymentPostprocessing = 0;
		};
/* End PBXResourcesBuildPhase section */

/* Begin PBXSourcesBuildPhase section */
		507FFE401E842B6900D7E510 /* Sources */ = {
			isa = PBXSourcesBuildPhase;
			buildActionMask = 2147483647;
			files = (
				504F627D1E87058100155FD7 /* Host+CoreDataClass.swift in Sources */,
				504F627A1E87058100155FD7 /* Schedule+CoreDataProperties.swift in Sources */,
				504F62811E87058100155FD7 /* FavShow+CoreDataClass.swift in Sources */,
				504F62831E87058100155FD7 /* Show+CoreDataClass.swift in Sources */,
				504F62841E87058100155FD7 /* Show+CoreDataProperties.swift in Sources */,
				507FFE4A1E842B6A00D7E510 /* ViewController.swift in Sources */,
				504F62801E87058100155FD7 /* Radio+CoreDataProperties.swift in Sources */,
				504F627C1E87058100155FD7 /* ShowHost+CoreDataProperties.swift in Sources */,
				504F62861E87058100155FD7 /* User+CoreDataProperties.swift in Sources */,
				504F62851E87058100155FD7 /* User+CoreDataClass.swift in Sources */,
				504F62821E87058100155FD7 /* FavShow+CoreDataProperties.swift in Sources */,
				507FFE7B1E843C7F00D7E510 /* StreamingViewController.swift in Sources */,
				504F627B1E87058100155FD7 /* ShowHost+CoreDataClass.swift in Sources */,
				507FFE481E842B6A00D7E510 /* AppDelegate.swift in Sources */,
				504F627E1E87058100155FD7 /* Host+CoreDataProperties.swift in Sources */,
				504F627F1E87058100155FD7 /* Radio+CoreDataClass.swift in Sources */,
				507FFE501E842B6A00D7E510 /* RadioX.xcdatamodeld in Sources */,
				504F62791E87058100155FD7 /* Schedule+CoreDataClass.swift in Sources */,
			);
			runOnlyForDeploymentPostprocessing = 0;
		};
		507FFE571E842B6A00D7E510 /* Sources */ = {
			isa = PBXSourcesBuildPhase;
			buildActionMask = 2147483647;
			files = (
				507FFE601E842B6A00D7E510 /* RadioXTests.swift in Sources */,
			);
			runOnlyForDeploymentPostprocessing = 0;
		};
		507FFE621E842B6A00D7E510 /* Sources */ = {
			isa = PBXSourcesBuildPhase;
			buildActionMask = 2147483647;
			files = (
				507FFE6B1E842B6A00D7E510 /* RadioXUITests.swift in Sources */,
			);
			runOnlyForDeploymentPostprocessing = 0;
		};
/* End PBXSourcesBuildPhase section */

/* Begin PBXTargetDependency section */
		507FFE5D1E842B6A00D7E510 /* PBXTargetDependency */ = {
			isa = PBXTargetDependency;
			target = 507FFE431E842B6900D7E510 /* RadioX */;
			targetProxy = 507FFE5C1E842B6A00D7E510 /* PBXContainerItemProxy */;
		};
		507FFE681E842B6A00D7E510 /* PBXTargetDependency */ = {
			isa = PBXTargetDependency;
			target = 507FFE431E842B6900D7E510 /* RadioX */;
			targetProxy = 507FFE671E842B6A00D7E510 /* PBXContainerItemProxy */;
		};
/* End PBXTargetDependency section */

/* Begin PBXVariantGroup section */
		507FFE4B1E842B6A00D7E510 /* Main.storyboard */ = {
			isa = PBXVariantGroup;
			children = (
				507FFE4C1E842B6A00D7E510 /* Base */,
			);
			name = Main.storyboard;
			sourceTree = "<group>";
		};
		507FFE531E842B6A00D7E510 /* LaunchScreen.storyboard */ = {
			isa = PBXVariantGroup;
			children = (
				507FFE541E842B6A00D7E510 /* Base */,
			);
			name = LaunchScreen.storyboard;
			sourceTree = "<group>";
		};
/* End PBXVariantGroup section */

/* Begin XCBuildConfiguration section */
		507FFE6D1E842B6A00D7E510 /* Debug */ = {
			isa = XCBuildConfiguration;
			buildSettings = {
				ALWAYS_SEARCH_USER_PATHS = NO;
				CLANG_ANALYZER_NONNULL = YES;
				CLANG_CXX_LANGUAGE_STANDARD = "gnu++0x";
				CLANG_CXX_LIBRARY = "libc++";
				CLANG_ENABLE_MODULES = YES;
				CLANG_ENABLE_OBJC_ARC = YES;
				CLANG_WARN_BOOL_CONVERSION = YES;
				CLANG_WARN_CONSTANT_CONVERSION = YES;
				CLANG_WARN_DIRECT_OBJC_ISA_USAGE = YES_ERROR;
				CLANG_WARN_DOCUMENTATION_COMMENTS = YES;
				CLANG_WARN_EMPTY_BODY = YES;
				CLANG_WARN_ENUM_CONVERSION = YES;
				CLANG_WARN_INFINITE_RECURSION = YES;
				CLANG_WARN_INT_CONVERSION = YES;
				CLANG_WARN_OBJC_ROOT_CLASS = YES_ERROR;
				CLANG_WARN_SUSPICIOUS_MOVES = YES;
				CLANG_WARN_UNREACHABLE_CODE = YES;
				CLANG_WARN__DUPLICATE_METHOD_MATCH = YES;
				"CODE_SIGN_IDENTITY[sdk=iphoneos*]" = "iPhone Developer";
				COPY_PHASE_STRIP = NO;
				DEBUG_INFORMATION_FORMAT = dwarf;
				ENABLE_STRICT_OBJC_MSGSEND = YES;
				ENABLE_TESTABILITY = YES;
				GCC_C_LANGUAGE_STANDARD = gnu99;
				GCC_DYNAMIC_NO_PIC = NO;
				GCC_NO_COMMON_BLOCKS = YES;
				GCC_OPTIMIZATION_LEVEL = 0;
				GCC_PREPROCESSOR_DEFINITIONS = (
					"DEBUG=1",
					"$(inherited)",
				);
				GCC_WARN_64_TO_32_BIT_CONVERSION = YES;
				GCC_WARN_ABOUT_RETURN_TYPE = YES_ERROR;
				GCC_WARN_UNDECLARED_SELECTOR = YES;
				GCC_WARN_UNINITIALIZED_AUTOS = YES_AGGRESSIVE;
				GCC_WARN_UNUSED_FUNCTION = YES;
				GCC_WARN_UNUSED_VARIABLE = YES;
				IPHONEOS_DEPLOYMENT_TARGET = 10.1;
				MTL_ENABLE_DEBUG_INFO = YES;
				ONLY_ACTIVE_ARCH = YES;
				SDKROOT = iphoneos;
				SWIFT_ACTIVE_COMPILATION_CONDITIONS = DEBUG;
				SWIFT_OPTIMIZATION_LEVEL = "-Onone";
				TARGETED_DEVICE_FAMILY = "1,2";
			};
			name = Debug;
		};
		507FFE6E1E842B6A00D7E510 /* Release */ = {
			isa = XCBuildConfiguration;
			buildSettings = {
				ALWAYS_SEARCH_USER_PATHS = NO;
				CLANG_ANALYZER_NONNULL = YES;
				CLANG_CXX_LANGUAGE_STANDARD = "gnu++0x";
				CLANG_CXX_LIBRARY = "libc++";
				CLANG_ENABLE_MODULES = YES;
				CLANG_ENABLE_OBJC_ARC = YES;
				CLANG_WARN_BOOL_CONVERSION = YES;
				CLANG_WARN_CONSTANT_CONVERSION = YES;
				CLANG_WARN_DIRECT_OBJC_ISA_USAGE = YES_ERROR;
				CLANG_WARN_DOCUMENTATION_COMMENTS = YES;
				CLANG_WARN_EMPTY_BODY = YES;
				CLANG_WARN_ENUM_CONVERSION = YES;
				CLANG_WARN_INFINITE_RECURSION = YES;
				CLANG_WARN_INT_CONVERSION = YES;
				CLANG_WARN_OBJC_ROOT_CLASS = YES_ERROR;
				CLANG_WARN_SUSPICIOUS_MOVES = YES;
				CLANG_WARN_UNREACHABLE_CODE = YES;
				CLANG_WARN__DUPLICATE_METHOD_MATCH = YES;
				"CODE_SIGN_IDENTITY[sdk=iphoneos*]" = "iPhone Developer";
				COPY_PHASE_STRIP = NO;
				DEBUG_INFORMATION_FORMAT = "dwarf-with-dsym";
				ENABLE_NS_ASSERTIONS = NO;
				ENABLE_STRICT_OBJC_MSGSEND = YES;
				GCC_C_LANGUAGE_STANDARD = gnu99;
				GCC_NO_COMMON_BLOCKS = YES;
				GCC_WARN_64_TO_32_BIT_CONVERSION = YES;
				GCC_WARN_ABOUT_RETURN_TYPE = YES_ERROR;
				GCC_WARN_UNDECLARED_SELECTOR = YES;
				GCC_WARN_UNINITIALIZED_AUTOS = YES_AGGRESSIVE;
				GCC_WARN_UNUSED_FUNCTION = YES;
				GCC_WARN_UNUSED_VARIABLE = YES;
				IPHONEOS_DEPLOYMENT_TARGET = 10.1;
				MTL_ENABLE_DEBUG_INFO = NO;
				SDKROOT = iphoneos;
				SWIFT_OPTIMIZATION_LEVEL = "-Owholemodule";
				TARGETED_DEVICE_FAMILY = "1,2";
				VALIDATE_PRODUCT = YES;
			};
			name = Release;
		};
		507FFE701E842B6A00D7E510 /* Debug */ = {
			isa = XCBuildConfiguration;
			buildSettings = {
				ASSETCATALOG_COMPILER_APPICON_NAME = AppIcon;
				INFOPLIST_FILE = RadioX/Info.plist;
				LD_RUNPATH_SEARCH_PATHS = "$(inherited) @executable_path/Frameworks";
				PRODUCT_BUNDLE_IDENTIFIER = dlj.RadioX;
				PRODUCT_NAME = "$(TARGET_NAME)";
				SWIFT_VERSION = 3.0;
			};
			name = Debug;
		};
		507FFE711E842B6A00D7E510 /* Release */ = {
			isa = XCBuildConfiguration;
			buildSettings = {
				ASSETCATALOG_COMPILER_APPICON_NAME = AppIcon;
				INFOPLIST_FILE = RadioX/Info.plist;
				LD_RUNPATH_SEARCH_PATHS = "$(inherited) @executable_path/Frameworks";
				PRODUCT_BUNDLE_IDENTIFIER = dlj.RadioX;
				PRODUCT_NAME = "$(TARGET_NAME)";
				SWIFT_VERSION = 3.0;
			};
			name = Release;
		};
		507FFE731E842B6A00D7E510 /* Debug */ = {
			isa = XCBuildConfiguration;
			buildSettings = {
				ALWAYS_EMBED_SWIFT_STANDARD_LIBRARIES = YES;
				BUNDLE_LOADER = "$(TEST_HOST)";
				INFOPLIST_FILE = RadioXTests/Info.plist;
				LD_RUNPATH_SEARCH_PATHS = "$(inherited) @executable_path/Frameworks @loader_path/Frameworks";
				PRODUCT_BUNDLE_IDENTIFIER = dlj.RadioXTests;
				PRODUCT_NAME = "$(TARGET_NAME)";
				SWIFT_VERSION = 3.0;
				TEST_HOST = "$(BUILT_PRODUCTS_DIR)/RadioX.app/RadioX";
			};
			name = Debug;
		};
		507FFE741E842B6A00D7E510 /* Release */ = {
			isa = XCBuildConfiguration;
			buildSettings = {
				ALWAYS_EMBED_SWIFT_STANDARD_LIBRARIES = YES;
				BUNDLE_LOADER = "$(TEST_HOST)";
				INFOPLIST_FILE = RadioXTests/Info.plist;
				LD_RUNPATH_SEARCH_PATHS = "$(inherited) @executable_path/Frameworks @loader_path/Frameworks";
				PRODUCT_BUNDLE_IDENTIFIER = dlj.RadioXTests;
				PRODUCT_NAME = "$(TARGET_NAME)";
				SWIFT_VERSION = 3.0;
				TEST_HOST = "$(BUILT_PRODUCTS_DIR)/RadioX.app/RadioX";
			};
			name = Release;
		};
		507FFE761E842B6A00D7E510 /* Debug */ = {
			isa = XCBuildConfiguration;
			buildSettings = {
				ALWAYS_EMBED_SWIFT_STANDARD_LIBRARIES = YES;
				INFOPLIST_FILE = RadioXUITests/Info.plist;
				LD_RUNPATH_SEARCH_PATHS = "$(inherited) @executable_path/Frameworks @loader_path/Frameworks";
				PRODUCT_BUNDLE_IDENTIFIER = dlj.RadioXUITests;
				PRODUCT_NAME = "$(TARGET_NAME)";
				SWIFT_VERSION = 3.0;
				TEST_TARGET_NAME = RadioX;
			};
			name = Debug;
		};
		507FFE771E842B6A00D7E510 /* Release */ = {
			isa = XCBuildConfiguration;
			buildSettings = {
				ALWAYS_EMBED_SWIFT_STANDARD_LIBRARIES = YES;
				INFOPLIST_FILE = RadioXUITests/Info.plist;
				LD_RUNPATH_SEARCH_PATHS = "$(inherited) @executable_path/Frameworks @loader_path/Frameworks";
				PRODUCT_BUNDLE_IDENTIFIER = dlj.RadioXUITests;
				PRODUCT_NAME = "$(TARGET_NAME)";
				SWIFT_VERSION = 3.0;
				TEST_TARGET_NAME = RadioX;
			};
			name = Release;
		};
/* End XCBuildConfiguration section */

/* Begin XCConfigurationList section */
		507FFE3F1E842B6900D7E510 /* Build configuration list for PBXProject "RadioX" */ = {
			isa = XCConfigurationList;
			buildConfigurations = (
				507FFE6D1E842B6A00D7E510 /* Debug */,
				507FFE6E1E842B6A00D7E510 /* Release */,
			);
			defaultConfigurationIsVisible = 0;
			defaultConfigurationName = Release;
		};
		507FFE6F1E842B6A00D7E510 /* Build configuration list for PBXNativeTarget "RadioX" */ = {
			isa = XCConfigurationList;
			buildConfigurations = (
				507FFE701E842B6A00D7E510 /* Debug */,
				507FFE711E842B6A00D7E510 /* Release */,
			);
			defaultConfigurationIsVisible = 0;
			defaultConfigurationName = Release;
		};
		507FFE721E842B6A00D7E510 /* Build configuration list for PBXNativeTarget "RadioXTests" */ = {
			isa = XCConfigurationList;
			buildConfigurations = (
				507FFE731E842B6A00D7E510 /* Debug */,
				507FFE741E842B6A00D7E510 /* Release */,
			);
			defaultConfigurationIsVisible = 0;
			defaultConfigurationName = Release;
		};
		507FFE751E842B6A00D7E510 /* Build configuration list for PBXNativeTarget "RadioXUITests" */ = {
			isa = XCConfigurationList;
			buildConfigurations = (
				507FFE761E842B6A00D7E510 /* Debug */,
				507FFE771E842B6A00D7E510 /* Release */,
			);
			defaultConfigurationIsVisible = 0;
			defaultConfigurationName = Release;
		};
/* End XCConfigurationList section */

/* Begin XCVersionGroup section */
		507FFE4E1E842B6A00D7E510 /* RadioX.xcdatamodeld */ = {
			isa = XCVersionGroup;
			children = (
				507FFE4F1E842B6A00D7E510 /* RadioX.xcdatamodel */,
			);
			currentVersion = 507FFE4F1E842B6A00D7E510 /* RadioX.xcdatamodel */;
			path = RadioX.xcdatamodeld;
			sourceTree = "<group>";
			versionGroupType = wrapper.xcdatamodel;
		};
/* End XCVersionGroup section */
	};
	rootObject = 507FFE3C1E842B6900D7E510 /* Project object */;
}
