// !$*UTF8*$!
{
	archiveVersion = 1;
	classes = {
	};
	objectVersion = 46;
	objects = {

/* Begin PBXBuildFile section */
		01C5654BBBB3FFA385255400 /* Pods_RadioX.framework in Frameworks */ = {isa = PBXBuildFile; fileRef = AD0F88DDC85576CF07017D7D /* Pods_RadioX.framework */; };
		2C6E4F464DE15ECA63E6C2ED /* Pods_RadioXTests.framework in Frameworks */ = {isa = PBXBuildFile; fileRef = D8DA1E361A7952873E4C0E52 /* Pods_RadioXTests.framework */; };
		50143A501E8F161A00E3AB29 /* AVFoundation.framework in Frameworks */ = {isa = PBXBuildFile; fileRef = 50143A4F1E8F161A00E3AB29 /* AVFoundation.framework */; };
		50143A521E8F178A00E3AB29 /* Streaming.swift in Sources */ = {isa = PBXBuildFile; fileRef = 50143A511E8F178A00E3AB29 /* Streaming.swift */; };
		507FFE481E842B6A00D7E510 /* AppDelegate.swift in Sources */ = {isa = PBXBuildFile; fileRef = 507FFE471E842B6A00D7E510 /* AppDelegate.swift */; };
		507FFE4A1E842B6A00D7E510 /* ViewController.swift in Sources */ = {isa = PBXBuildFile; fileRef = 507FFE491E842B6A00D7E510 /* ViewController.swift */; };
		507FFE4D1E842B6A00D7E510 /* Main.storyboard in Resources */ = {isa = PBXBuildFile; fileRef = 507FFE4B1E842B6A00D7E510 /* Main.storyboard */; };
		507FFE501E842B6A00D7E510 /* RadioX.xcdatamodeld in Sources */ = {isa = PBXBuildFile; fileRef = 507FFE4E1E842B6A00D7E510 /* RadioX.xcdatamodeld */; };
		507FFE521E842B6A00D7E510 /* Assets.xcassets in Resources */ = {isa = PBXBuildFile; fileRef = 507FFE511E842B6A00D7E510 /* Assets.xcassets */; };
		507FFE551E842B6A00D7E510 /* LaunchScreen.storyboard in Resources */ = {isa = PBXBuildFile; fileRef = 507FFE531E842B6A00D7E510 /* LaunchScreen.storyboard */; };
		507FFE601E842B6A00D7E510 /* RadioXTests.swift in Sources */ = {isa = PBXBuildFile; fileRef = 507FFE5F1E842B6A00D7E510 /* RadioXTests.swift */; };
		507FFE6B1E842B6A00D7E510 /* RadioXUITests.swift in Sources */ = {isa = PBXBuildFile; fileRef = 507FFE6A1E842B6A00D7E510 /* RadioXUITests.swift */; };
		507FFE7B1E843C7F00D7E510 /* StreamingViewController.swift in Sources */ = {isa = PBXBuildFile; fileRef = 507FFE7A1E843C7F00D7E510 /* StreamingViewController.swift */; };
		B29BC66D1E872101004F0E77 /* ContactViewController.swift in Sources */ = {isa = PBXBuildFile; fileRef = B29BC66C1E872101004F0E77 /* ContactViewController.swift */; };
		B2E831251E897FF200128B36 /* CatalogueCollectionViewCell.swift in Sources */ = {isa = PBXBuildFile; fileRef = B2E831241E897FF200128B36 /* CatalogueCollectionViewCell.swift */; };
		B2E831271E89813F00128B36 /* CatalogueViewController.swift in Sources */ = {isa = PBXBuildFile; fileRef = B2E831261E89813F00128B36 /* CatalogueViewController.swift */; };
		DD12E6911E95FF9C00A0C899 /* SettingsTableViewController.swift in Sources */ = {isa = PBXBuildFile; fileRef = DD12E6901E95FF9C00A0C899 /* SettingsTableViewController.swift */; };
		DD268D301E8F61D80038884E /* Radio.swift in Sources */ = {isa = PBXBuildFile; fileRef = DD268D2F1E8F61D80038884E /* Radio.swift */; };
		DD268D321E8F621F0038884E /* Show.swift in Sources */ = {isa = PBXBuildFile; fileRef = DD268D311E8F621F0038884E /* Show.swift */; };
		DD268D341E8F63150038884E /* Schedule.swift in Sources */ = {isa = PBXBuildFile; fileRef = DD268D331E8F63150038884E /* Schedule.swift */; };
		DD268D361E8F633C0038884E /* User.swift in Sources */ = {isa = PBXBuildFile; fileRef = DD268D351E8F633C0038884E /* User.swift */; };
		DD268D381E8F634D0038884E /* FavShow.swift in Sources */ = {isa = PBXBuildFile; fileRef = DD268D371E8F634D0038884E /* FavShow.swift */; };
		DD268D3A1E8F635C0038884E /* ShowHost.swift in Sources */ = {isa = PBXBuildFile; fileRef = DD268D391E8F635C0038884E /* ShowHost.swift */; };
		DD268D3C1E8F636B0038884E /* Host.swift in Sources */ = {isa = PBXBuildFile; fileRef = DD268D3B1E8F636B0038884E /* Host.swift */; };
		DD4016051E91A12B00213BC7 /* MediaPlayer.framework in Frameworks */ = {isa = PBXBuildFile; fileRef = DD4016041E91A12B00213BC7 /* MediaPlayer.framework */; };
		DD476DE41E95E34A00C6E646 /* FaveButton.framework in Frameworks */ = {isa = PBXBuildFile; fileRef = DD476DE31E95E34A00C6E646 /* FaveButton.framework */; };
		DD4F8AAC1E91FA480061F5EE /* SanFranciscoDisplay-Black.otf in Resources */ = {isa = PBXBuildFile; fileRef = DD4F8AA81E91FA480061F5EE /* SanFranciscoDisplay-Black.otf */; };
		DD4F8AAD1E91FA480061F5EE /* SanFranciscoDisplay-Medium.otf in Resources */ = {isa = PBXBuildFile; fileRef = DD4F8AA91E91FA480061F5EE /* SanFranciscoDisplay-Medium.otf */; };
		DD4F8AAE1E91FA480061F5EE /* SanFranciscoDisplay-Thin.otf in Resources */ = {isa = PBXBuildFile; fileRef = DD4F8AAA1E91FA480061F5EE /* SanFranciscoDisplay-Thin.otf */; };
		DD4F8AAF1E91FA480061F5EE /* SanFranciscoText-Regular.otf in Resources */ = {isa = PBXBuildFile; fileRef = DD4F8AAB1E91FA480061F5EE /* SanFranciscoText-Regular.otf */; };
		DD7EF8591E8FC3B4004BB64A /* RadioDataViewController.swift in Sources */ = {isa = PBXBuildFile; fileRef = DD7EF8581E8FC3B4004BB64A /* RadioDataViewController.swift */; };
		EE88E9E29E4C877763593FB9 /* Pods_RadioXUITests.framework in Frameworks */ = {isa = PBXBuildFile; fileRef = D4E87252E1CFB1FC848EBEFA /* Pods_RadioXUITests.framework */; };
/* End PBXBuildFile section */

/* Begin PBXContainerItemProxy section */
		507FFE5C1E842B6A00D7E510 /* PBXContainerItemProxy */ = {
			isa = PBXContainerItemProxy;
			containerPortal = 507FFE3C1E842B6900D7E510 /* Project object */;
			proxyType = 1;
			remoteGlobalIDString = 507FFE431E842B6900D7E510;
			remoteInfo = RadioX;
		};
		507FFE671E842B6A00D7E510 /* PBXContainerItemProxy */ = {
			isa = PBXContainerItemProxy;
			containerPortal = 507FFE3C1E842B6900D7E510 /* Project object */;
			proxyType = 1;
			remoteGlobalIDString = 507FFE431E842B6900D7E510;
			remoteInfo = RadioX;
		};
/* End PBXContainerItemProxy section */

/* Begin PBXFileReference section */
		50143A4F1E8F161A00E3AB29 /* AVFoundation.framework */ = {isa = PBXFileReference; lastKnownFileType = wrapper.framework; name = AVFoundation.framework; path = System/Library/Frameworks/AVFoundation.framework; sourceTree = SDKROOT; };
		50143A511E8F178A00E3AB29 /* Streaming.swift */ = {isa = PBXFileReference; fileEncoding = 4; lastKnownFileType = sourcecode.swift; path = Streaming.swift; sourceTree = "<group>"; };
		507FFE441E842B6A00D7E510 /* RadioX.app */ = {isa = PBXFileReference; explicitFileType = wrapper.application; includeInIndex = 0; path = RadioX.app; sourceTree = BUILT_PRODUCTS_DIR; };
		507FFE471E842B6A00D7E510 /* AppDelegate.swift */ = {isa = PBXFileReference; lastKnownFileType = sourcecode.swift; path = AppDelegate.swift; sourceTree = "<group>"; };
		507FFE491E842B6A00D7E510 /* ViewController.swift */ = {isa = PBXFileReference; lastKnownFileType = sourcecode.swift; path = ViewController.swift; sourceTree = "<group>"; };
		507FFE4C1E842B6A00D7E510 /* Base */ = {isa = PBXFileReference; lastKnownFileType = file.storyboard; name = Base; path = Base.lproj/Main.storyboard; sourceTree = "<group>"; };
		507FFE4F1E842B6A00D7E510 /* RadioX.xcdatamodel */ = {isa = PBXFileReference; lastKnownFileType = wrapper.xcdatamodel; path = RadioX.xcdatamodel; sourceTree = "<group>"; };
		507FFE511E842B6A00D7E510 /* Assets.xcassets */ = {isa = PBXFileReference; lastKnownFileType = folder.assetcatalog; path = Assets.xcassets; sourceTree = "<group>"; };
		507FFE541E842B6A00D7E510 /* Base */ = {isa = PBXFileReference; lastKnownFileType = file.storyboard; name = Base; path = Base.lproj/LaunchScreen.storyboard; sourceTree = "<group>"; };
		507FFE561E842B6A00D7E510 /* Info.plist */ = {isa = PBXFileReference; lastKnownFileType = text.plist.xml; path = Info.plist; sourceTree = "<group>"; };
		507FFE5B1E842B6A00D7E510 /* RadioXTests.xctest */ = {isa = PBXFileReference; explicitFileType = wrapper.cfbundle; includeInIndex = 0; path = RadioXTests.xctest; sourceTree = BUILT_PRODUCTS_DIR; };
		507FFE5F1E842B6A00D7E510 /* RadioXTests.swift */ = {isa = PBXFileReference; lastKnownFileType = sourcecode.swift; path = RadioXTests.swift; sourceTree = "<group>"; };
		507FFE611E842B6A00D7E510 /* Info.plist */ = {isa = PBXFileReference; lastKnownFileType = text.plist.xml; path = Info.plist; sourceTree = "<group>"; };
		507FFE661E842B6A00D7E510 /* RadioXUITests.xctest */ = {isa = PBXFileReference; explicitFileType = wrapper.cfbundle; includeInIndex = 0; path = RadioXUITests.xctest; sourceTree = BUILT_PRODUCTS_DIR; };
		507FFE6A1E842B6A00D7E510 /* RadioXUITests.swift */ = {isa = PBXFileReference; lastKnownFileType = sourcecode.swift; path = RadioXUITests.swift; sourceTree = "<group>"; };
		507FFE6C1E842B6A00D7E510 /* Info.plist */ = {isa = PBXFileReference; lastKnownFileType = text.plist.xml; path = Info.plist; sourceTree = "<group>"; };
		507FFE7A1E843C7F00D7E510 /* StreamingViewController.swift */ = {isa = PBXFileReference; fileEncoding = 4; lastKnownFileType = sourcecode.swift; path = StreamingViewController.swift; sourceTree = "<group>"; };
		6075B69E344A50AF43D7E81E /* Pods-RadioX.release.xcconfig */ = {isa = PBXFileReference; includeInIndex = 1; lastKnownFileType = text.xcconfig; name = "Pods-RadioX.release.xcconfig"; path = "Pods/Target Support Files/Pods-RadioX/Pods-RadioX.release.xcconfig"; sourceTree = "<group>"; };
		6548495B1C0050271C99FA55 /* Pods-RadioXUITests.debug.xcconfig */ = {isa = PBXFileReference; includeInIndex = 1; lastKnownFileType = text.xcconfig; name = "Pods-RadioXUITests.debug.xcconfig"; path = "Pods/Target Support Files/Pods-RadioXUITests/Pods-RadioXUITests.debug.xcconfig"; sourceTree = "<group>"; };
		7BF8DB97CB57052270397D68 /* Pods-RadioX.debug.xcconfig */ = {isa = PBXFileReference; includeInIndex = 1; lastKnownFileType = text.xcconfig; name = "Pods-RadioX.debug.xcconfig"; path = "Pods/Target Support Files/Pods-RadioX/Pods-RadioX.debug.xcconfig"; sourceTree = "<group>"; };
		9EC32D5B52BC4D51503ECD66 /* Pods-RadioXTests.release.xcconfig */ = {isa = PBXFileReference; includeInIndex = 1; lastKnownFileType = text.xcconfig; name = "Pods-RadioXTests.release.xcconfig"; path = "Pods/Target Support Files/Pods-RadioXTests/Pods-RadioXTests.release.xcconfig"; sourceTree = "<group>"; };
		AD0F88DDC85576CF07017D7D /* Pods_RadioX.framework */ = {isa = PBXFileReference; explicitFileType = wrapper.framework; includeInIndex = 0; path = Pods_RadioX.framework; sourceTree = BUILT_PRODUCTS_DIR; };
		B29BC66C1E872101004F0E77 /* ContactViewController.swift */ = {isa = PBXFileReference; fileEncoding = 4; lastKnownFileType = sourcecode.swift; path = ContactViewController.swift; sourceTree = "<group>"; };
		B2E831241E897FF200128B36 /* CatalogueCollectionViewCell.swift */ = {isa = PBXFileReference; fileEncoding = 4; lastKnownFileType = sourcecode.swift; path = CatalogueCollectionViewCell.swift; sourceTree = "<group>"; };
		B2E831261E89813F00128B36 /* CatalogueViewController.swift */ = {isa = PBXFileReference; fileEncoding = 4; lastKnownFileType = sourcecode.swift; path = CatalogueViewController.swift; sourceTree = "<group>"; };
		BE4BEB13AD205B36E49EA7A9 /* Pods-RadioXUITests.release.xcconfig */ = {isa = PBXFileReference; includeInIndex = 1; lastKnownFileType = text.xcconfig; name = "Pods-RadioXUITests.release.xcconfig"; path = "Pods/Target Support Files/Pods-RadioXUITests/Pods-RadioXUITests.release.xcconfig"; sourceTree = "<group>"; };
		D4E87252E1CFB1FC848EBEFA /* Pods_RadioXUITests.framework */ = {isa = PBXFileReference; explicitFileType = wrapper.framework; includeInIndex = 0; path = Pods_RadioXUITests.framework; sourceTree = BUILT_PRODUCTS_DIR; };
		D8DA1E361A7952873E4C0E52 /* Pods_RadioXTests.framework */ = {isa = PBXFileReference; explicitFileType = wrapper.framework; includeInIndex = 0; path = Pods_RadioXTests.framework; sourceTree = BUILT_PRODUCTS_DIR; };
		DD12E6901E95FF9C00A0C899 /* SettingsTableViewController.swift */ = {isa = PBXFileReference; fileEncoding = 4; lastKnownFileType = sourcecode.swift; path = SettingsTableViewController.swift; sourceTree = "<group>"; };
		DD268D2F1E8F61D80038884E /* Radio.swift */ = {isa = PBXFileReference; fileEncoding = 4; lastKnownFileType = sourcecode.swift; path = Radio.swift; sourceTree = "<group>"; };
		DD268D311E8F621F0038884E /* Show.swift */ = {isa = PBXFileReference; fileEncoding = 4; lastKnownFileType = sourcecode.swift; path = Show.swift; sourceTree = "<group>"; };
		DD268D331E8F63150038884E /* Schedule.swift */ = {isa = PBXFileReference; fileEncoding = 4; lastKnownFileType = sourcecode.swift; path = Schedule.swift; sourceTree = "<group>"; };
		DD268D351E8F633C0038884E /* User.swift */ = {isa = PBXFileReference; fileEncoding = 4; lastKnownFileType = sourcecode.swift; path = User.swift; sourceTree = "<group>"; };
		DD268D371E8F634D0038884E /* FavShow.swift */ = {isa = PBXFileReference; fileEncoding = 4; lastKnownFileType = sourcecode.swift; path = FavShow.swift; sourceTree = "<group>"; };
		DD268D391E8F635C0038884E /* ShowHost.swift */ = {isa = PBXFileReference; fileEncoding = 4; lastKnownFileType = sourcecode.swift; path = ShowHost.swift; sourceTree = "<group>"; };
		DD268D3B1E8F636B0038884E /* Host.swift */ = {isa = PBXFileReference; fileEncoding = 4; lastKnownFileType = sourcecode.swift; path = Host.swift; sourceTree = "<group>"; };
		DD4016041E91A12B00213BC7 /* MediaPlayer.framework */ = {isa = PBXFileReference; lastKnownFileType = wrapper.framework; name = MediaPlayer.framework; path = System/Library/Frameworks/MediaPlayer.framework; sourceTree = SDKROOT; };
		DD476DDF1E95D6BE00C6E646 /* FaveButton.framework */ = {isa = PBXFileReference; lastKnownFileType = wrapper.framework; name = FaveButton.framework; path = "Pods/../build/Debug-iphoneos/FaveButton/FaveButton.framework"; sourceTree = "<group>"; };
		DD476DE11E95D9C900C6E646 /* DOFavoriteButton.framework */ = {isa = PBXFileReference; lastKnownFileType = wrapper.framework; name = DOFavoriteButton.framework; path = "Pods/../build/Debug-iphoneos/DOFavoriteButton/DOFavoriteButton.framework"; sourceTree = "<group>"; };
		DD476DE31E95E34A00C6E646 /* FaveButton.framework */ = {isa = PBXFileReference; lastKnownFileType = wrapper.framework; name = FaveButton.framework; path = "../../../Library/Developer/Xcode/DerivedData/RadioX-hlaauxdyquuoirblhqdezsxwlbox/Build/Products/Debug-iphonesimulator/FaveButton/FaveButton.framework"; sourceTree = "<group>"; };
		DD4F8AA81E91FA480061F5EE /* SanFranciscoDisplay-Black.otf */ = {isa = PBXFileReference; lastKnownFileType = file; path = "SanFranciscoDisplay-Black.otf"; sourceTree = "<group>"; };
		DD4F8AA91E91FA480061F5EE /* SanFranciscoDisplay-Medium.otf */ = {isa = PBXFileReference; lastKnownFileType = file; path = "SanFranciscoDisplay-Medium.otf"; sourceTree = "<group>"; };
		DD4F8AAA1E91FA480061F5EE /* SanFranciscoDisplay-Thin.otf */ = {isa = PBXFileReference; lastKnownFileType = file; path = "SanFranciscoDisplay-Thin.otf"; sourceTree = "<group>"; };
		DD4F8AAB1E91FA480061F5EE /* SanFranciscoText-Regular.otf */ = {isa = PBXFileReference; lastKnownFileType = file; path = "SanFranciscoText-Regular.otf"; sourceTree = "<group>"; };
		DD7EF8581E8FC3B4004BB64A /* RadioDataViewController.swift */ = {isa = PBXFileReference; fileEncoding = 4; lastKnownFileType = sourcecode.swift; path = RadioDataViewController.swift; sourceTree = "<group>"; };
		ED79CD4589B18B2D242017BE /* Pods-RadioXTests.debug.xcconfig */ = {isa = PBXFileReference; includeInIndex = 1; lastKnownFileType = text.xcconfig; name = "Pods-RadioXTests.debug.xcconfig"; path = "Pods/Target Support Files/Pods-RadioXTests/Pods-RadioXTests.debug.xcconfig"; sourceTree = "<group>"; };
/* End PBXFileReference section */

/* Begin PBXFrameworksBuildPhase section */
		507FFE411E842B6900D7E510 /* Frameworks */ = {
			isa = PBXFrameworksBuildPhase;
			buildActionMask = 2147483647;
			files = (
				DD476DE41E95E34A00C6E646 /* FaveButton.framework in Frameworks */,
				DD4016051E91A12B00213BC7 /* MediaPlayer.framework in Frameworks */,
				50143A501E8F161A00E3AB29 /* AVFoundation.framework in Frameworks */,
				01C5654BBBB3FFA385255400 /* Pods_RadioX.framework in Frameworks */,
			);
			runOnlyForDeploymentPostprocessing = 0;
		};
		507FFE581E842B6A00D7E510 /* Frameworks */ = {
			isa = PBXFrameworksBuildPhase;
			buildActionMask = 2147483647;
			files = (
				2C6E4F464DE15ECA63E6C2ED /* Pods_RadioXTests.framework in Frameworks */,
			);
			runOnlyForDeploymentPostprocessing = 0;
		};
		507FFE631E842B6A00D7E510 /* Frameworks */ = {
			isa = PBXFrameworksBuildPhase;
			buildActionMask = 2147483647;
			files = (
				EE88E9E29E4C877763593FB9 /* Pods_RadioXUITests.framework in Frameworks */,
			);
			runOnlyForDeploymentPostprocessing = 0;
		};
/* End PBXFrameworksBuildPhase section */

/* Begin PBXGroup section */
		1154FCD84CB573E2F2F7D375 /* Pods */ = {
			isa = PBXGroup;
			children = (
				7BF8DB97CB57052270397D68 /* Pods-RadioX.debug.xcconfig */,
				6075B69E344A50AF43D7E81E /* Pods-RadioX.release.xcconfig */,
				ED79CD4589B18B2D242017BE /* Pods-RadioXTests.debug.xcconfig */,
				9EC32D5B52BC4D51503ECD66 /* Pods-RadioXTests.release.xcconfig */,
				6548495B1C0050271C99FA55 /* Pods-RadioXUITests.debug.xcconfig */,
				BE4BEB13AD205B36E49EA7A9 /* Pods-RadioXUITests.release.xcconfig */,
			);
			name = Pods;
			sourceTree = "<group>";
		};
		50143A4E1E8F161A00E3AB29 /* Frameworks */ = {
			isa = PBXGroup;
			children = (
				DD476DE31E95E34A00C6E646 /* FaveButton.framework */,
				DD476DE11E95D9C900C6E646 /* DOFavoriteButton.framework */,
				DD476DDF1E95D6BE00C6E646 /* FaveButton.framework */,
				DD4016041E91A12B00213BC7 /* MediaPlayer.framework */,
				50143A4F1E8F161A00E3AB29 /* AVFoundation.framework */,
				AD0F88DDC85576CF07017D7D /* Pods_RadioX.framework */,
				D8DA1E361A7952873E4C0E52 /* Pods_RadioXTests.framework */,
				D4E87252E1CFB1FC848EBEFA /* Pods_RadioXUITests.framework */,
			);
			name = Frameworks;
			sourceTree = "<group>";
		};
		507FFE3B1E842B6900D7E510 = {
			isa = PBXGroup;
			children = (
				507FFE461E842B6A00D7E510 /* RadioX */,
				507FFE791E84313000D7E510 /* SupportingFiles */,
				507FFE5E1E842B6A00D7E510 /* RadioXTests */,
				507FFE691E842B6A00D7E510 /* RadioXUITests */,
				507FFE451E842B6A00D7E510 /* Products */,
				50143A4E1E8F161A00E3AB29 /* Frameworks */,
				1154FCD84CB573E2F2F7D375 /* Pods */,
			);
			sourceTree = "<group>";
		};
		507FFE451E842B6A00D7E510 /* Products */ = {
			isa = PBXGroup;
			children = (
				507FFE441E842B6A00D7E510 /* RadioX.app */,
				507FFE5B1E842B6A00D7E510 /* RadioXTests.xctest */,
				507FFE661E842B6A00D7E510 /* RadioXUITests.xctest */,
			);
			name = Products;
			sourceTree = "<group>";
		};
		507FFE461E842B6A00D7E510 /* RadioX */ = {
			isa = PBXGroup;
			children = (
				507FFE491E842B6A00D7E510 /* ViewController.swift */,
				507FFE4B1E842B6A00D7E510 /* Main.storyboard */,
				DD12E6901E95FF9C00A0C899 /* SettingsTableViewController.swift */,
				DD7EF8581E8FC3B4004BB64A /* RadioDataViewController.swift */,
				50143A511E8F178A00E3AB29 /* Streaming.swift */,
				507FFE7A1E843C7F00D7E510 /* StreamingViewController.swift */,
				B2E831241E897FF200128B36 /* CatalogueCollectionViewCell.swift */,
				B2E831261E89813F00128B36 /* CatalogueViewController.swift */,
				B29BC66C1E872101004F0E77 /* ContactViewController.swift */,
				DD7EF8571E8F6474004BB64A /* DB_Models */,
			);
			path = RadioX;
			sourceTree = "<group>";
		};
		507FFE5E1E842B6A00D7E510 /* RadioXTests */ = {
			isa = PBXGroup;
			children = (
				507FFE5F1E842B6A00D7E510 /* RadioXTests.swift */,
				507FFE611E842B6A00D7E510 /* Info.plist */,
			);
			path = RadioXTests;
			sourceTree = "<group>";
		};
		507FFE691E842B6A00D7E510 /* RadioXUITests */ = {
			isa = PBXGroup;
			children = (
				507FFE6A1E842B6A00D7E510 /* RadioXUITests.swift */,
				507FFE6C1E842B6A00D7E510 /* Info.plist */,
			);
			path = RadioXUITests;
			sourceTree = "<group>";
		};
		507FFE791E84313000D7E510 /* SupportingFiles */ = {
			isa = PBXGroup;
			children = (
				DD4F8AA81E91FA480061F5EE /* SanFranciscoDisplay-Black.otf */,
				DD4F8AA91E91FA480061F5EE /* SanFranciscoDisplay-Medium.otf */,
				DD4F8AAA1E91FA480061F5EE /* SanFranciscoDisplay-Thin.otf */,
				DD4F8AAB1E91FA480061F5EE /* SanFranciscoText-Regular.otf */,
				507FFE471E842B6A00D7E510 /* AppDelegate.swift */,
				507FFE511E842B6A00D7E510 /* Assets.xcassets */,
				507FFE531E842B6A00D7E510 /* LaunchScreen.storyboard */,
				507FFE561E842B6A00D7E510 /* Info.plist */,
				507FFE4E1E842B6A00D7E510 /* RadioX.xcdatamodeld */,
			);
			name = SupportingFiles;
			path = RadioX;
			sourceTree = "<group>";
		};
		DD7EF8571E8F6474004BB64A /* DB_Models */ = {
			isa = PBXGroup;
			children = (
				DD268D3B1E8F636B0038884E /* Host.swift */,
				DD268D391E8F635C0038884E /* ShowHost.swift */,
				DD268D371E8F634D0038884E /* FavShow.swift */,
				DD268D351E8F633C0038884E /* User.swift */,
				DD268D331E8F63150038884E /* Schedule.swift */,
				DD268D311E8F621F0038884E /* Show.swift */,
				DD268D2F1E8F61D80038884E /* Radio.swift */,
			);
			name = DB_Models;
			sourceTree = "<group>";
		};
/* End PBXGroup section */

/* Begin PBXNativeTarget section */
		507FFE431E842B6900D7E510 /* RadioX */ = {
			isa = PBXNativeTarget;
			buildConfigurationList = 507FFE6F1E842B6A00D7E510 /* Build configuration list for PBXNativeTarget "RadioX" */;
			buildPhases = (
				36556C9CF7F1A4DABAB46F4D /* [CP] Check Pods Manifest.lock */,
				507FFE401E842B6900D7E510 /* Sources */,
				507FFE411E842B6900D7E510 /* Frameworks */,
				507FFE421E842B6900D7E510 /* Resources */,
				3A5907178834E370A91D0723 /* [CP] Embed Pods Frameworks */,
				B9175D74C28C0DDED497D3BE /* [CP] Copy Pods Resources */,
			);
			buildRules = (
			);
			dependencies = (
			);
			name = RadioX;
			productName = RadioX;
			productReference = 507FFE441E842B6A00D7E510 /* RadioX.app */;
			productType = "com.apple.product-type.application";
		};
		507FFE5A1E842B6A00D7E510 /* RadioXTests */ = {
			isa = PBXNativeTarget;
			buildConfigurationList = 507FFE721E842B6A00D7E510 /* Build configuration list for PBXNativeTarget "RadioXTests" */;
			buildPhases = (
				B619021E38467E5AA5D6DB40 /* [CP] Check Pods Manifest.lock */,
				507FFE571E842B6A00D7E510 /* Sources */,
				507FFE581E842B6A00D7E510 /* Frameworks */,
				507FFE591E842B6A00D7E510 /* Resources */,
				3B3758C59FACFF66E4D3B875 /* [CP] Embed Pods Frameworks */,
				9D4F77F61B7575ED2D52FF8F /* [CP] Copy Pods Resources */,
			);
			buildRules = (
			);
			dependencies = (
				507FFE5D1E842B6A00D7E510 /* PBXTargetDependency */,
			);
			name = RadioXTests;
			productName = RadioXTests;
			productReference = 507FFE5B1E842B6A00D7E510 /* RadioXTests.xctest */;
			productType = "com.apple.product-type.bundle.unit-test";
		};
		507FFE651E842B6A00D7E510 /* RadioXUITests */ = {
			isa = PBXNativeTarget;
			buildConfigurationList = 507FFE751E842B6A00D7E510 /* Build configuration list for PBXNativeTarget "RadioXUITests" */;
			buildPhases = (
				4F3C0B2E8D891E81B7FBEB55 /* [CP] Check Pods Manifest.lock */,
				507FFE621E842B6A00D7E510 /* Sources */,
				507FFE631E842B6A00D7E510 /* Frameworks */,
				507FFE641E842B6A00D7E510 /* Resources */,
				0C173674FF9564541F422A72 /* [CP] Embed Pods Frameworks */,
				86F2729835A54C1B4576AC4C /* [CP] Copy Pods Resources */,
			);
			buildRules = (
			);
			dependencies = (
				507FFE681E842B6A00D7E510 /* PBXTargetDependency */,
			);
			name = RadioXUITests;
			productName = RadioXUITests;
			productReference = 507FFE661E842B6A00D7E510 /* RadioXUITests.xctest */;
			productType = "com.apple.product-type.bundle.ui-testing";
		};
/* End PBXNativeTarget section */

/* Begin PBXProject section */
		507FFE3C1E842B6900D7E510 /* Project object */ = {
			isa = PBXProject;
			attributes = {
				LastSwiftUpdateCheck = 0810;
				LastUpgradeCheck = 0820;
				ORGANIZATIONNAME = gestionadoresDiscretos;
				TargetAttributes = {
					507FFE431E842B6900D7E510 = {
						CreatedOnToolsVersion = 8.1;
						DevelopmentTeam = ZX5XTRMYJH;
						ProvisioningStyle = Automatic;
					};
					507FFE5A1E842B6A00D7E510 = {
						CreatedOnToolsVersion = 8.1;
						ProvisioningStyle = Automatic;
						TestTargetID = 507FFE431E842B6900D7E510;
					};
					507FFE651E842B6A00D7E510 = {
						CreatedOnToolsVersion = 8.1;
						ProvisioningStyle = Automatic;
						TestTargetID = 507FFE431E842B6900D7E510;
					};
				};
			};
			buildConfigurationList = 507FFE3F1E842B6900D7E510 /* Build configuration list for PBXProject "RadioX" */;
			compatibilityVersion = "Xcode 3.2";
			developmentRegion = English;
			hasScannedForEncodings = 0;
			knownRegions = (
				en,
				Base,
			);
			mainGroup = 507FFE3B1E842B6900D7E510;
			productRefGroup = 507FFE451E842B6A00D7E510 /* Products */;
			projectDirPath = "";
			projectRoot = "";
			targets = (
				507FFE431E842B6900D7E510 /* RadioX */,
				507FFE5A1E842B6A00D7E510 /* RadioXTests */,
				507FFE651E842B6A00D7E510 /* RadioXUITests */,
			);
		};
/* End PBXProject section */

/* Begin PBXResourcesBuildPhase section */
		507FFE421E842B6900D7E510 /* Resources */ = {
			isa = PBXResourcesBuildPhase;
			buildActionMask = 2147483647;
			files = (
				DD4F8AAC1E91FA480061F5EE /* SanFranciscoDisplay-Black.otf in Resources */,
				DD4F8AAD1E91FA480061F5EE /* SanFranciscoDisplay-Medium.otf in Resources */,
				DD4F8AAE1E91FA480061F5EE /* SanFranciscoDisplay-Thin.otf in Resources */,
				DD4F8AAF1E91FA480061F5EE /* SanFranciscoText-Regular.otf in Resources */,
				507FFE551E842B6A00D7E510 /* LaunchScreen.storyboard in Resources */,
				507FFE521E842B6A00D7E510 /* Assets.xcassets in Resources */,
				507FFE4D1E842B6A00D7E510 /* Main.storyboard in Resources */,
			);
			runOnlyForDeploymentPostprocessing = 0;
		};
		507FFE591E842B6A00D7E510 /* Resources */ = {
			isa = PBXResourcesBuildPhase;
			buildActionMask = 2147483647;
			files = (
			);
			runOnlyForDeploymentPostprocessing = 0;
		};
		507FFE641E842B6A00D7E510 /* Resources */ = {
			isa = PBXResourcesBuildPhase;
			buildActionMask = 2147483647;
			files = (
			);
			runOnlyForDeploymentPostprocessing = 0;
		};
/* End PBXResourcesBuildPhase section */

/* Begin PBXShellScriptBuildPhase section */
		0C173674FF9564541F422A72 /* [CP] Embed Pods Frameworks */ = {
			isa = PBXShellScriptBuildPhase;
			buildActionMask = 2147483647;
			files = (
			);
			inputPaths = (
			);
			name = "[CP] Embed Pods Frameworks";
			outputPaths = (
			);
			runOnlyForDeploymentPostprocessing = 0;
			shellPath = /bin/sh;
			shellScript = "\"${SRCROOT}/Pods/Target Support Files/Pods-RadioXUITests/Pods-RadioXUITests-frameworks.sh\"\n";
			showEnvVarsInLog = 0;
		};
		36556C9CF7F1A4DABAB46F4D /* [CP] Check Pods Manifest.lock */ = {
			isa = PBXShellScriptBuildPhase;
			buildActionMask = 2147483647;
			files = (
			);
			inputPaths = (
			);
			name = "[CP] Check Pods Manifest.lock";
			outputPaths = (
			);
			runOnlyForDeploymentPostprocessing = 0;
			shellPath = /bin/sh;
			shellScript = "diff \"${PODS_ROOT}/../Podfile.lock\" \"${PODS_ROOT}/Manifest.lock\" > /dev/null\nif [ $? != 0 ] ; then\n    # print error to STDERR\n    echo \"error: The sandbox is not in sync with the Podfile.lock. Run 'pod install' or update your CocoaPods installation.\" >&2\n    exit 1\nfi\n";
			showEnvVarsInLog = 0;
		};
		3A5907178834E370A91D0723 /* [CP] Embed Pods Frameworks */ = {
			isa = PBXShellScriptBuildPhase;
			buildActionMask = 2147483647;
			files = (
			);
			inputPaths = (
			);
			name = "[CP] Embed Pods Frameworks";
			outputPaths = (
			);
			runOnlyForDeploymentPostprocessing = 0;
			shellPath = /bin/sh;
			shellScript = "\"${SRCROOT}/Pods/Target Support Files/Pods-RadioX/Pods-RadioX-frameworks.sh\"\n";
			showEnvVarsInLog = 0;
		};
		3B3758C59FACFF66E4D3B875 /* [CP] Embed Pods Frameworks */ = {
			isa = PBXShellScriptBuildPhase;
			buildActionMask = 2147483647;
			files = (
			);
			inputPaths = (
			);
			name = "[CP] Embed Pods Frameworks";
			outputPaths = (
			);
			runOnlyForDeploymentPostprocessing = 0;
			shellPath = /bin/sh;
			shellScript = "\"${SRCROOT}/Pods/Target Support Files/Pods-RadioXTests/Pods-RadioXTests-frameworks.sh\"\n";
			showEnvVarsInLog = 0;
		};
		4F3C0B2E8D891E81B7FBEB55 /* [CP] Check Pods Manifest.lock */ = {
			isa = PBXShellScriptBuildPhase;
			buildActionMask = 2147483647;
			files = (
			);
			inputPaths = (
			);
			name = "[CP] Check Pods Manifest.lock";
			outputPaths = (
			);
			runOnlyForDeploymentPostprocessing = 0;
			shellPath = /bin/sh;
			shellScript = "diff \"${PODS_ROOT}/../Podfile.lock\" \"${PODS_ROOT}/Manifest.lock\" > /dev/null\nif [ $? != 0 ] ; then\n    # print error to STDERR\n    echo \"error: The sandbox is not in sync with the Podfile.lock. Run 'pod install' or update your CocoaPods installation.\" >&2\n    exit 1\nfi\n";
			showEnvVarsInLog = 0;
		};
		86F2729835A54C1B4576AC4C /* [CP] Copy Pods Resources */ = {
			isa = PBXShellScriptBuildPhase;
			buildActionMask = 2147483647;
			files = (
			);
			inputPaths = (
			);
			name = "[CP] Copy Pods Resources";
			outputPaths = (
			);
			runOnlyForDeploymentPostprocessing = 0;
			shellPath = /bin/sh;
			shellScript = "\"${SRCROOT}/Pods/Target Support Files/Pods-RadioXUITests/Pods-RadioXUITests-resources.sh\"\n";
			showEnvVarsInLog = 0;
		};
		9D4F77F61B7575ED2D52FF8F /* [CP] Copy Pods Resources */ = {
			isa = PBXShellScriptBuildPhase;
			buildActionMask = 2147483647;
			files = (
			);
			inputPaths = (
			);
			name = "[CP] Copy Pods Resources";
			outputPaths = (
			);
			runOnlyForDeploymentPostprocessing = 0;
			shellPath = /bin/sh;
			shellScript = "\"${SRCROOT}/Pods/Target Support Files/Pods-RadioXTests/Pods-RadioXTests-resources.sh\"\n";
			showEnvVarsInLog = 0;
		};
		B619021E38467E5AA5D6DB40 /* [CP] Check Pods Manifest.lock */ = {
			isa = PBXShellScriptBuildPhase;
			buildActionMask = 2147483647;
			files = (
			);
			inputPaths = (
			);
			name = "[CP] Check Pods Manifest.lock";
			outputPaths = (
			);
			runOnlyForDeploymentPostprocessing = 0;
			shellPath = /bin/sh;
			shellScript = "diff \"${PODS_ROOT}/../Podfile.lock\" \"${PODS_ROOT}/Manifest.lock\" > /dev/null\nif [ $? != 0 ] ; then\n    # print error to STDERR\n    echo \"error: The sandbox is not in sync with the Podfile.lock. Run 'pod install' or update your CocoaPods installation.\" >&2\n    exit 1\nfi\n";
			showEnvVarsInLog = 0;
		};
		B9175D74C28C0DDED497D3BE /* [CP] Copy Pods Resources */ = {
			isa = PBXShellScriptBuildPhase;
			buildActionMask = 2147483647;
			files = (
			);
			inputPaths = (
			);
			name = "[CP] Copy Pods Resources";
			outputPaths = (
			);
			runOnlyForDeploymentPostprocessing = 0;
			shellPath = /bin/sh;
			shellScript = "\"${SRCROOT}/Pods/Target Support Files/Pods-RadioX/Pods-RadioX-resources.sh\"\n";
			showEnvVarsInLog = 0;
		};
/* End PBXShellScriptBuildPhase section */

/* Begin PBXSourcesBuildPhase section */
		507FFE401E842B6900D7E510 /* Sources */ = {
			isa = PBXSourcesBuildPhase;
			buildActionMask = 2147483647;
			files = (
				DD7EF8591E8FC3B4004BB64A /* RadioDataViewController.swift in Sources */,
				B29BC66D1E872101004F0E77 /* ContactViewController.swift in Sources */,
				507FFE4A1E842B6A00D7E510 /* ViewController.swift in Sources */,
				DD268D381E8F634D0038884E /* FavShow.swift in Sources */,
				DD268D341E8F63150038884E /* Schedule.swift in Sources */,
				507FFE7B1E843C7F00D7E510 /* StreamingViewController.swift in Sources */,
				DD12E6911E95FF9C00A0C899 /* SettingsTableViewController.swift in Sources */,
				507FFE481E842B6A00D7E510 /* AppDelegate.swift in Sources */,
				DD268D3C1E8F636B0038884E /* Host.swift in Sources */,
				50143A521E8F178A00E3AB29 /* Streaming.swift in Sources */,
				DD268D301E8F61D80038884E /* Radio.swift in Sources */,
				B2E831251E897FF200128B36 /* CatalogueCollectionViewCell.swift in Sources */,
				DD268D361E8F633C0038884E /* User.swift in Sources */,
				B2E831271E89813F00128B36 /* CatalogueViewController.swift in Sources */,
				DD268D321E8F621F0038884E /* Show.swift in Sources */,
				DD268D3A1E8F635C0038884E /* ShowHost.swift in Sources */,
				507FFE501E842B6A00D7E510 /* RadioX.xcdatamodeld in Sources */,
			);
			runOnlyForDeploymentPostprocessing = 0;
		};
		507FFE571E842B6A00D7E510 /* Sources */ = {
			isa = PBXSourcesBuildPhase;
			buildActionMask = 2147483647;
			files = (
				507FFE601E842B6A00D7E510 /* RadioXTests.swift in Sources */,
			);
			runOnlyForDeploymentPostprocessing = 0;
		};
		507FFE621E842B6A00D7E510 /* Sources */ = {
			isa = PBXSourcesBuildPhase;
			buildActionMask = 2147483647;
			files = (
				507FFE6B1E842B6A00D7E510 /* RadioXUITests.swift in Sources */,
			);
			runOnlyForDeploymentPostprocessing = 0;
		};
/* End PBXSourcesBuildPhase section */

/* Begin PBXTargetDependency section */
		507FFE5D1E842B6A00D7E510 /* PBXTargetDependency */ = {
			isa = PBXTargetDependency;
			target = 507FFE431E842B6900D7E510 /* RadioX */;
			targetProxy = 507FFE5C1E842B6A00D7E510 /* PBXContainerItemProxy */;
		};
		507FFE681E842B6A00D7E510 /* PBXTargetDependency */ = {
			isa = PBXTargetDependency;
			target = 507FFE431E842B6900D7E510 /* RadioX */;
			targetProxy = 507FFE671E842B6A00D7E510 /* PBXContainerItemProxy */;
		};
/* End PBXTargetDependency section */

/* Begin PBXVariantGroup section */
		507FFE4B1E842B6A00D7E510 /* Main.storyboard */ = {
			isa = PBXVariantGroup;
			children = (
				507FFE4C1E842B6A00D7E510 /* Base */,
			);
			name = Main.storyboard;
			sourceTree = "<group>";
		};
		507FFE531E842B6A00D7E510 /* LaunchScreen.storyboard */ = {
			isa = PBXVariantGroup;
			children = (
				507FFE541E842B6A00D7E510 /* Base */,
			);
			name = LaunchScreen.storyboard;
			sourceTree = "<group>";
		};
/* End PBXVariantGroup section */

/* Begin XCBuildConfiguration section */
		507FFE6D1E842B6A00D7E510 /* Debug */ = {
			isa = XCBuildConfiguration;
			buildSettings = {
				ALWAYS_SEARCH_USER_PATHS = NO;
				CLANG_ANALYZER_NONNULL = YES;
				CLANG_CXX_LANGUAGE_STANDARD = "gnu++0x";
				CLANG_CXX_LIBRARY = "libc++";
				CLANG_ENABLE_MODULES = YES;
				CLANG_ENABLE_OBJC_ARC = YES;
				CLANG_WARN_BOOL_CONVERSION = YES;
				CLANG_WARN_CONSTANT_CONVERSION = YES;
				CLANG_WARN_DIRECT_OBJC_ISA_USAGE = YES_ERROR;
				CLANG_WARN_DOCUMENTATION_COMMENTS = YES;
				CLANG_WARN_EMPTY_BODY = YES;
				CLANG_WARN_ENUM_CONVERSION = YES;
				CLANG_WARN_INFINITE_RECURSION = YES;
				CLANG_WARN_INT_CONVERSION = YES;
				CLANG_WARN_OBJC_ROOT_CLASS = YES_ERROR;
				CLANG_WARN_SUSPICIOUS_MOVE = YES;
				CLANG_WARN_SUSPICIOUS_MOVES = YES;
				CLANG_WARN_UNREACHABLE_CODE = YES;
				CLANG_WARN__DUPLICATE_METHOD_MATCH = YES;
				"CODE_SIGN_IDENTITY[sdk=iphoneos*]" = "iPhone Developer";
				COPY_PHASE_STRIP = NO;
				DEBUG_INFORMATION_FORMAT = dwarf;
				ENABLE_STRICT_OBJC_MSGSEND = YES;
				ENABLE_TESTABILITY = YES;
				GCC_C_LANGUAGE_STANDARD = gnu99;
				GCC_DYNAMIC_NO_PIC = NO;
				GCC_NO_COMMON_BLOCKS = YES;
				GCC_OPTIMIZATION_LEVEL = 0;
				GCC_PREPROCESSOR_DEFINITIONS = (
					"DEBUG=1",
					"$(inherited)",
				);
				GCC_WARN_64_TO_32_BIT_CONVERSION = YES;
				GCC_WARN_ABOUT_RETURN_TYPE = YES_ERROR;
				GCC_WARN_UNDECLARED_SELECTOR = YES;
				GCC_WARN_UNINITIALIZED_AUTOS = YES_AGGRESSIVE;
				GCC_WARN_UNUSED_FUNCTION = YES;
				GCC_WARN_UNUSED_VARIABLE = YES;
				IPHONEOS_DEPLOYMENT_TARGET = 10.1;
				MTL_ENABLE_DEBUG_INFO = YES;
				ONLY_ACTIVE_ARCH = YES;
				SDKROOT = iphoneos;
				SWIFT_ACTIVE_COMPILATION_CONDITIONS = DEBUG;
				SWIFT_OPTIMIZATION_LEVEL = "-Onone";
				TARGETED_DEVICE_FAMILY = "1,2";
			};
			name = Debug;
		};
		507FFE6E1E842B6A00D7E510 /* Release */ = {
			isa = XCBuildConfiguration;
			buildSettings = {
				ALWAYS_SEARCH_USER_PATHS = NO;
				CLANG_ANALYZER_NONNULL = YES;
				CLANG_CXX_LANGUAGE_STANDARD = "gnu++0x";
				CLANG_CXX_LIBRARY = "libc++";
				CLANG_ENABLE_MODULES = YES;
				CLANG_ENABLE_OBJC_ARC = YES;
				CLANG_WARN_BOOL_CONVERSION = YES;
				CLANG_WARN_CONSTANT_CONVERSION = YES;
				CLANG_WARN_DIRECT_OBJC_ISA_USAGE = YES_ERROR;
				CLANG_WARN_DOCUMENTATION_COMMENTS = YES;
				CLANG_WARN_EMPTY_BODY = YES;
				CLANG_WARN_ENUM_CONVERSION = YES;
				CLANG_WARN_INFINITE_RECURSION = YES;
				CLANG_WARN_INT_CONVERSION = YES;
				CLANG_WARN_OBJC_ROOT_CLASS = YES_ERROR;
				CLANG_WARN_SUSPICIOUS_MOVE = YES;
				CLANG_WARN_SUSPICIOUS_MOVES = YES;
				CLANG_WARN_UNREACHABLE_CODE = YES;
				CLANG_WARN__DUPLICATE_METHOD_MATCH = YES;
				"CODE_SIGN_IDENTITY[sdk=iphoneos*]" = "iPhone Developer";
				COPY_PHASE_STRIP = NO;
				DEBUG_INFORMATION_FORMAT = "dwarf-with-dsym";
				ENABLE_NS_ASSERTIONS = NO;
				ENABLE_STRICT_OBJC_MSGSEND = YES;
				GCC_C_LANGUAGE_STANDARD = gnu99;
				GCC_NO_COMMON_BLOCKS = YES;
				GCC_WARN_64_TO_32_BIT_CONVERSION = YES;
				GCC_WARN_ABOUT_RETURN_TYPE = YES_ERROR;
				GCC_WARN_UNDECLARED_SELECTOR = YES;
				GCC_WARN_UNINITIALIZED_AUTOS = YES_AGGRESSIVE;
				GCC_WARN_UNUSED_FUNCTION = YES;
				GCC_WARN_UNUSED_VARIABLE = YES;
				IPHONEOS_DEPLOYMENT_TARGET = 10.1;
				MTL_ENABLE_DEBUG_INFO = NO;
				SDKROOT = iphoneos;
				SWIFT_OPTIMIZATION_LEVEL = "-Owholemodule";
				TARGETED_DEVICE_FAMILY = "1,2";
				VALIDATE_PRODUCT = YES;
			};
			name = Release;
		};
		507FFE701E842B6A00D7E510 /* Debug */ = {
			isa = XCBuildConfiguration;
			baseConfigurationReference = 7BF8DB97CB57052270397D68 /* Pods-RadioX.debug.xcconfig */;
			buildSettings = {
				ALWAYS_EMBED_SWIFT_STANDARD_LIBRARIES = YES;
				ASSETCATALOG_COMPILER_APPICON_NAME = AppIcon;
				DEVELOPMENT_TEAM = ZX5XTRMYJH;
				FRAMEWORK_SEARCH_PATHS = "$(inherited)";
				INFOPLIST_FILE = RadioX/Info.plist;
				IPHONEOS_DEPLOYMENT_TARGET = 10.0;
				LD_RUNPATH_SEARCH_PATHS = "$(inherited) @executable_path/Frameworks";
				PRODUCT_BUNDLE_IDENTIFIER = dlj.RadioX;
				PRODUCT_NAME = "$(TARGET_NAME)";
				SWIFT_VERSION = 3.0;
			};
			name = Debug;
		};
		507FFE711E842B6A00D7E510 /* Release */ = {
			isa = XCBuildConfiguration;
			baseConfigurationReference = 6075B69E344A50AF43D7E81E /* Pods-RadioX.release.xcconfig */;
			buildSettings = {
				ALWAYS_EMBED_SWIFT_STANDARD_LIBRARIES = YES;
				ASSETCATALOG_COMPILER_APPICON_NAME = AppIcon;
				DEVELOPMENT_TEAM = ZX5XTRMYJH;
				FRAMEWORK_SEARCH_PATHS = "$(inherited)";
				INFOPLIST_FILE = RadioX/Info.plist;
				IPHONEOS_DEPLOYMENT_TARGET = 10.0;
				LD_RUNPATH_SEARCH_PATHS = "$(inherited) @executable_path/Frameworks";
				PRODUCT_BUNDLE_IDENTIFIER = dlj.RadioX;
				PRODUCT_NAME = "$(TARGET_NAME)";
				SWIFT_VERSION = 3.0;
			};
			name = Release;
		};
		507FFE731E842B6A00D7E510 /* Debug */ = {
			isa = XCBuildConfiguration;
			baseConfigurationReference = ED79CD4589B18B2D242017BE /* Pods-RadioXTests.debug.xcconfig */;
			buildSettings = {
				ALWAYS_EMBED_SWIFT_STANDARD_LIBRARIES = YES;
				BUNDLE_LOADER = "$(TEST_HOST)";
				INFOPLIST_FILE = RadioXTests/Info.plist;
				LD_RUNPATH_SEARCH_PATHS = "$(inherited) @executable_path/Frameworks @loader_path/Frameworks";
				PRODUCT_BUNDLE_IDENTIFIER = dlj.RadioXTests;
				PRODUCT_NAME = "$(TARGET_NAME)";
				SWIFT_VERSION = 3.0;
				TEST_HOST = "$(BUILT_PRODUCTS_DIR)/RadioX.app/RadioX";
			};
			name = Debug;
		};
		507FFE741E842B6A00D7E510 /* Release */ = {
			isa = XCBuildConfiguration;
			baseConfigurationReference = 9EC32D5B52BC4D51503ECD66 /* Pods-RadioXTests.release.xcconfig */;
			buildSettings = {
				ALWAYS_EMBED_SWIFT_STANDARD_LIBRARIES = YES;
				BUNDLE_LOADER = "$(TEST_HOST)";
				INFOPLIST_FILE = RadioXTests/Info.plist;
				LD_RUNPATH_SEARCH_PATHS = "$(inherited) @executable_path/Frameworks @loader_path/Frameworks";
				PRODUCT_BUNDLE_IDENTIFIER = dlj.RadioXTests;
				PRODUCT_NAME = "$(TARGET_NAME)";
				SWIFT_VERSION = 3.0;
				TEST_HOST = "$(BUILT_PRODUCTS_DIR)/RadioX.app/RadioX";
			};
			name = Release;
		};
		507FFE761E842B6A00D7E510 /* Debug */ = {
			isa = XCBuildConfiguration;
			baseConfigurationReference = 6548495B1C0050271C99FA55 /* Pods-RadioXUITests.debug.xcconfig */;
			buildSettings = {
				ALWAYS_EMBED_SWIFT_STANDARD_LIBRARIES = YES;
				INFOPLIST_FILE = RadioXUITests/Info.plist;
				LD_RUNPATH_SEARCH_PATHS = "$(inherited) @executable_path/Frameworks @loader_path/Frameworks";
				PRODUCT_BUNDLE_IDENTIFIER = dlj.RadioXUITests;
				PRODUCT_NAME = "$(TARGET_NAME)";
				SWIFT_VERSION = 3.0;
				TEST_TARGET_NAME = RadioX;
			};
			name = Debug;
		};
		507FFE771E842B6A00D7E510 /* Release */ = {
			isa = XCBuildConfiguration;
			baseConfigurationReference = BE4BEB13AD205B36E49EA7A9 /* Pods-RadioXUITests.release.xcconfig */;
			buildSettings = {
				ALWAYS_EMBED_SWIFT_STANDARD_LIBRARIES = YES;
				INFOPLIST_FILE = RadioXUITests/Info.plist;
				LD_RUNPATH_SEARCH_PATHS = "$(inherited) @executable_path/Frameworks @loader_path/Frameworks";
				PRODUCT_BUNDLE_IDENTIFIER = dlj.RadioXUITests;
				PRODUCT_NAME = "$(TARGET_NAME)";
				SWIFT_VERSION = 3.0;
				TEST_TARGET_NAME = RadioX;
			};
			name = Release;
		};
/* End XCBuildConfiguration section */

/* Begin XCConfigurationList section */
		507FFE3F1E842B6900D7E510 /* Build configuration list for PBXProject "RadioX" */ = {
			isa = XCConfigurationList;
			buildConfigurations = (
				507FFE6D1E842B6A00D7E510 /* Debug */,
				507FFE6E1E842B6A00D7E510 /* Release */,
			);
			defaultConfigurationIsVisible = 0;
			defaultConfigurationName = Release;
		};
		507FFE6F1E842B6A00D7E510 /* Build configuration list for PBXNativeTarget "RadioX" */ = {
			isa = XCConfigurationList;
			buildConfigurations = (
				507FFE701E842B6A00D7E510 /* Debug */,
				507FFE711E842B6A00D7E510 /* Release */,
			);
			defaultConfigurationIsVisible = 0;
			defaultConfigurationName = Release;
		};
		507FFE721E842B6A00D7E510 /* Build configuration list for PBXNativeTarget "RadioXTests" */ = {
			isa = XCConfigurationList;
			buildConfigurations = (
				507FFE731E842B6A00D7E510 /* Debug */,
				507FFE741E842B6A00D7E510 /* Release */,
			);
			defaultConfigurationIsVisible = 0;
			defaultConfigurationName = Release;
		};
		507FFE751E842B6A00D7E510 /* Build configuration list for PBXNativeTarget "RadioXUITests" */ = {
			isa = XCConfigurationList;
			buildConfigurations = (
				507FFE761E842B6A00D7E510 /* Debug */,
				507FFE771E842B6A00D7E510 /* Release */,
			);
			defaultConfigurationIsVisible = 0;
			defaultConfigurationName = Release;
		};
/* End XCConfigurationList section */

/* Begin XCVersionGroup section */
		507FFE4E1E842B6A00D7E510 /* RadioX.xcdatamodeld */ = {
			isa = XCVersionGroup;
			children = (
				507FFE4F1E842B6A00D7E510 /* RadioX.xcdatamodel */,
			);
			currentVersion = 507FFE4F1E842B6A00D7E510 /* RadioX.xcdatamodel */;
			path = RadioX.xcdatamodeld;
			sourceTree = "<group>";
			versionGroupType = wrapper.xcdatamodel;
		};
/* End XCVersionGroup section */
	};
	rootObject = 507FFE3C1E842B6900D7E510 /* Project object */;
}
